
Microsoft Visual Studio Solution File, Format Version 12.00
# Visual Studio Version 17
VisualStudioVersion = 17.7.34024.191
MinimumVisualStudioVersion = 10.0.40219.1
Project("{9A19103F-16F7-4668-BE54-9A1E7A4F7556}") = "WebStoreApp", "WebStoreApp\WebStoreApp.csproj", "{15A8EAC8-48FC-4D3F-8E0B-2F03D630224A}"
EndProject
Project("{9A19103F-16F7-4668-BE54-9A1E7A4F7556}") = "WebShopApp.Infrastructure", "WebShopApp.Infrastructure\WebShopApp.Infrastructure.csproj", "{624205B0-4E29-4EFC-9091-72393B9BD462}"
EndProject
Project("{FAE04EC0-301F-11D3-BF4B-00C04F79EFBC}") = "WebShopApp.Core", "WebShopApp.Core\WebShopApp.Core.csproj", "{D0ABEADA-D1E9-4A8E-A50C-ACBC11359A8E}"
EndProject
Global
	GlobalSection(SolutionConfigurationPlatforms) = preSolution
		Debug|Any CPU = Debug|Any CPU
		Release|Any CPU = Release|Any CPU
	EndGlobalSection
	GlobalSection(ProjectConfigurationPlatforms) = postSolution
		{15A8EAC8-48FC-4D3F-8E0B-2F03D630224A}.Debug|Any CPU.ActiveCfg = Debug|Any CPU
		{15A8EAC8-48FC-4D3F-8E0B-2F03D630224A}.Debug|Any CPU.Build.0 = Debug|Any CPU
		{15A8EAC8-48FC-4D3F-8E0B-2F03D630224A}.Release|Any CPU.ActiveCfg = Release|Any CPU
		{15A8EAC8-48FC-4D3F-8E0B-2F03D630224A}.Release|Any CPU.Build.0 = Release|Any CPU
		{624205B0-4E29-4EFC-9091-72393B9BD462}.Debug|Any CPU.ActiveCfg = Debug|Any CPU
		{624205B0-4E29-4EFC-9091-72393B9BD462}.Debug|Any CPU.Build.0 = Debug|Any CPU
		{624205B0-4E29-4EFC-9091-72393B9BD462}.Release|Any CPU.ActiveCfg = Release|Any CPU
		{624205B0-4E29-4EFC-9091-72393B9BD462}.Release|Any CPU.Build.0 = Release|Any CPU
		{D0ABEADA-D1E9-4A8E-A50C-ACBC11359A8E}.Debug|Any CPU.ActiveCfg = Debug|Any CPU
		{D0ABEADA-D1E9-4A8E-A50C-ACBC11359A8E}.Debug|Any CPU.Build.0 = Debug|Any CPU
		{D0ABEADA-D1E9-4A8E-A50C-ACBC11359A8E}.Release|Any CPU.ActiveCfg = Release|Any CPU
		{D0ABEADA-D1E9-4A8E-A50C-ACBC11359A8E}.Release|Any CPU.Build.0 = Release|Any CPU
	EndGlobalSection
	GlobalSection(SolutionProperties) = preSolution
		HideSolutionNode = FALSE
	EndGlobalSection
	GlobalSection(ExtensibilityGlobals) = postSolution
		SolutionGuid = {4040CB22-0284-47EC-8D5F-5E18D5AA228F}
	EndGlobalSection
EndGlobal
